{
    "_meta": {
        "hash": {
            "sha256": "9334c617710b2619679afc372cc0c972402f59c0a9de841652578374a114a48e"
        },
        "pipfile-spec": 6,
        "requires": {
            "python_version": "3.12"
        },
        "sources": [
            {
                "name": "pypi",
                "url": "https://pypi.org/simple",
                "verify_ssl": true
            }
        ]
    },
    "default": {
        "rest-framework-simplejwt": {
            "hashes": [
                "sha256:035187ce5380e18e8b966610a89b6460fb4b73cd179979343888fb190328125d",
                "sha256:620c56826ff4791c4aaa730ec52aed1f4c74b9c20ea15b9fc1a39bdf99a29a30"
            ],
            "index": "pypi",
            "markers": "python_version >= '3.0'",
            "version": "==0.0.2"
        }
    },
    "develop": {}
}
